# THIS IS AN AUTOGENERATED FILE. DO NOT EDIT THIS FILE DIRECTLY.
# yarn lockfile v1


"@fortawesome/fontawesome-common-types@^0.2.19":
  version "0.2.19"
  resolved "https://registry.yarnpkg.com/@fortawesome/fontawesome-common-types/-/fontawesome-common-types-0.2.19.tgz#754a0f85e1290858152e1c05700ab502b11197f1"
  integrity sha512-nd2Ul/CUs8U9sjofQYAALzOGpgkVJQgEhIJnOHaoyVR/LeC3x2mVg4eB910a4kS6WgLPebAY0M2fApEI497raQ==

"@fortawesome/fontawesome-svg-core@^1.2.19":
  version "1.2.19"
  resolved "https://registry.yarnpkg.com/@fortawesome/fontawesome-svg-core/-/fontawesome-svg-core-1.2.19.tgz#0eca1ce9285c3d99e6e340633ee8f615f9d1a2e0"
  integrity sha512-D4ICXg9oU08eF9o7Or392gPpjmwwgJu8ecCFusthbID95CLVXOgIyd4mOKD9Nud5Ckz+Ty59pqkNtThDKR0erA==
  dependencies:
    "@fortawesome/fontawesome-common-types" "^0.2.19"

"@fortawesome/free-solid-svg-icons@^5.9.0":
  version "5.9.0"
  resolved "https://registry.yarnpkg.com/@fortawesome/free-solid-svg-icons/-/free-solid-svg-icons-5.9.0.tgz#1c73e7bac17417d23f934d83f7fff5b100a7fda9"
  integrity sha512-U8YXPfWcSozsCW0psCtlRGKjjRs5+Am5JJwLOUmVHFZbIEWzaz4YbP84EoPwUsVmSAKrisu3QeNcVOtmGml0Xw==
  dependencies:
    "@fortawesome/fontawesome-common-types" "^0.2.19"

"@fortawesome/vue-fontawesome@^0.1.6":
  version "0.1.6"
  resolved "https://registry.yarnpkg.com/@fortawesome/vue-fontawesome/-/vue-fontawesome-0.1.6.tgz#18a0f4263b90f65180fc927325ba01896276ea04"
  integrity sha512-HAGRbrOuGDwwUmCYdpzR0hhNQ3EE30dOS4JiJKcoZ+S4M210CxyU0OXCgzIg3HzK/23rlpHbV8zi9PDDZDnuIw==

axios@^0.21.1:
  version "0.21.1"
  resolved "https://registry.yarnpkg.com/axios/-/axios-0.21.1.tgz#22563481962f4d6bde9a76d516ef0e5d3c09b2b8"
  integrity sha512-dKQiRHxGD9PPRIUNIWvZhPTPpl1rf/OxTYKsqKUDjBwYylTvV7SjSHJb9ratfyzM6wCdLCOYLzs73qpg5c4iGA==
  dependencies:
    follow-redirects "^1.10.0"

follow-redirects@^1.10.0:
  version "1.13.1"
  resolved "https://registry.yarnpkg.com/follow-redirects/-/follow-redirects-1.13.1.tgz#5f69b813376cee4fd0474a3aba835df04ab763b7"
  integrity sha512-SSG5xmZh1mkPGyKzjZP8zLjltIfpW32Y5QpdNJyjcfGxK3qo3NDDkZOZSFiGn1A6SclQxY9GzEwAHQ3dmYRWpg==
